// !$*UTF8*$!
{
	archiveVersion = 1;
	classes = {
	};
	objectVersion = 46;
	objects = {

/* Begin PBXBuildFile section */
		0E34DFED1F11C651007A0120 /* HttpClient.swift in Sources */ = {isa = PBXBuildFile; fileRef = 0E34DFEC1F11C651007A0120 /* HttpClient.swift */; };
		0E34DFF01F11C8B3007A0120 /* DataRequest+Callback.swift.swift in Sources */ = {isa = PBXBuildFile; fileRef = 0E34DFEF1F11C8B3007A0120 /* DataRequest+Callback.swift.swift */; };
		0E34DFF21F11C954007A0120 /* HttpClientProtocol.swift.swift in Sources */ = {isa = PBXBuildFile; fileRef = 0E34DFF11F11C954007A0120 /* HttpClientProtocol.swift.swift */; };
		0E34DFF41F11C98D007A0120 /* SwiftyJSON.framework in Frameworks */ = {isa = PBXBuildFile; fileRef = 0E34DFF31F11C98D007A0120 /* SwiftyJSON.framework */; };
		0E34DFF51F11C98D007A0120 /* SwiftyJSON.framework in Embed Frameworks */ = {isa = PBXBuildFile; fileRef = 0E34DFF31F11C98D007A0120 /* SwiftyJSON.framework */; settings = {ATTRIBUTES = (CodeSignOnCopy, RemoveHeadersOnCopy, ); }; };
		0E34DFF71F11C9E5007A0120 /* HttpTypeAliases.swift.swift in Sources */ = {isa = PBXBuildFile; fileRef = 0E34DFF61F11C9E5007A0120 /* HttpTypeAliases.swift.swift */; };
		0EB3309A1F03CE0B00863C22 /* AppDelegate.swift in Sources */ = {isa = PBXBuildFile; fileRef = 0EB330991F03CE0B00863C22 /* AppDelegate.swift */; };
		0EB3309C1F03CE0B00863C22 /* ViewController.swift in Sources */ = {isa = PBXBuildFile; fileRef = 0EB3309B1F03CE0B00863C22 /* ViewController.swift */; };
		0EB3309F1F03CE0B00863C22 /* Main.storyboard in Resources */ = {isa = PBXBuildFile; fileRef = 0EB3309D1F03CE0B00863C22 /* Main.storyboard */; };
		0EB330A11F03CE0B00863C22 /* Assets.xcassets in Resources */ = {isa = PBXBuildFile; fileRef = 0EB330A01F03CE0B00863C22 /* Assets.xcassets */; };
		0EB330A41F03CE0B00863C22 /* LaunchScreen.storyboard in Resources */ = {isa = PBXBuildFile; fileRef = 0EB330A21F03CE0B00863C22 /* LaunchScreen.storyboard */; };
		0EB330AF1F03CE0B00863C22 /* ImageRecognizerSample01Tests.swift in Sources */ = {isa = PBXBuildFile; fileRef = 0EB330AE1F03CE0B00863C22 /* ImageRecognizerSample01Tests.swift */; };
		0EB330C11F03D1B100863C22 /* Constants.swift in Sources */ = {isa = PBXBuildFile; fileRef = 0EB330C01F03D1B100863C22 /* Constants.swift */; };
		0EB330C71F03D5B400863C22 /* Alamofire.framework in Frameworks */ = {isa = PBXBuildFile; fileRef = 0EB330C61F03D5B400863C22 /* Alamofire.framework */; };
		0EB330C81F03D5B400863C22 /* Alamofire.framework in Embed Frameworks */ = {isa = PBXBuildFile; fileRef = 0EB330C61F03D5B400863C22 /* Alamofire.framework */; settings = {ATTRIBUTES = (CodeSignOnCopy, RemoveHeadersOnCopy, ); }; };
/* End PBXBuildFile section */

/* Begin PBXContainerItemProxy section */
		0EB330AB1F03CE0B00863C22 /* PBXContainerItemProxy */ = {
			isa = PBXContainerItemProxy;
			containerPortal = 0EB3308E1F03CE0A00863C22 /* Project object */;
			proxyType = 1;
			remoteGlobalIDString = 0EB330951F03CE0A00863C22;
			remoteInfo = ImageRecognizerSample01;
		};
/* End PBXContainerItemProxy section */

/* Begin PBXCopyFilesBuildPhase section */
		0EB330C51F03D32100863C22 /* Embed Frameworks */ = {
			isa = PBXCopyFilesBuildPhase;
			buildActionMask = 2147483647;
			dstPath = "";
			dstSubfolderSpec = 10;
			files = (
				0E34DFF51F11C98D007A0120 /* SwiftyJSON.framework in Embed Frameworks */,
				0EB330C81F03D5B400863C22 /* Alamofire.framework in Embed Frameworks */,
			);
			name = "Embed Frameworks";
			runOnlyForDeploymentPostprocessing = 0;
		};
/* End PBXCopyFilesBuildPhase section */

/* Begin PBXFileReference section */
		0E34DFEC1F11C651007A0120 /* HttpClient.swift */ = {isa = PBXFileReference; fileEncoding = 4; lastKnownFileType = sourcecode.swift; name = HttpClient.swift; path = Sources/HttpClient.swift; sourceTree = "<group>"; };
		0E34DFEF1F11C8B3007A0120 /* DataRequest+Callback.swift.swift */ = {isa = PBXFileReference; fileEncoding = 4; lastKnownFileType = sourcecode.swift; name = "DataRequest+Callback.swift.swift"; path = "Sources/DataRequest+Callback.swift.swift"; sourceTree = "<group>"; };
		0E34DFF11F11C954007A0120 /* HttpClientProtocol.swift.swift */ = {isa = PBXFileReference; fileEncoding = 4; lastKnownFileType = sourcecode.swift; name = HttpClientProtocol.swift.swift; path = Sources/HttpClientProtocol.swift.swift; sourceTree = "<group>"; };
		0E34DFF31F11C98D007A0120 /* SwiftyJSON.framework */ = {isa = PBXFileReference; lastKnownFileType = wrapper.framework; name = SwiftyJSON.framework; path = Carthage/Build/iOS/SwiftyJSON.framework; sourceTree = "<group>"; };
		0E34DFF61F11C9E5007A0120 /* HttpTypeAliases.swift.swift */ = {isa = PBXFileReference; fileEncoding = 4; lastKnownFileType = sourcecode.swift; name = HttpTypeAliases.swift.swift; path = Sources/HttpTypeAliases.swift.swift; sourceTree = "<group>"; };
		0EB330961F03CE0A00863C22 /* ImageRecognizerSample01.app */ = {isa = PBXFileReference; explicitFileType = wrapper.application; includeInIndex = 0; path = ImageRecognizerSample01.app; sourceTree = BUILT_PRODUCTS_DIR; };
		0EB330991F03CE0B00863C22 /* AppDelegate.swift */ = {isa = PBXFileReference; lastKnownFileType = sourcecode.swift; path = AppDelegate.swift; sourceTree = "<group>"; };
		0EB3309B1F03CE0B00863C22 /* ViewController.swift */ = {isa = PBXFileReference; lastKnownFileType = sourcecode.swift; path = ViewController.swift; sourceTree = "<group>"; };
		0EB3309E1F03CE0B00863C22 /* Base */ = {isa = PBXFileReference; lastKnownFileType = file.storyboard; name = Base; path = Base.lproj/Main.storyboard; sourceTree = "<group>"; };
		0EB330A01F03CE0B00863C22 /* Assets.xcassets */ = {isa = PBXFileReference; lastKnownFileType = folder.assetcatalog; path = Assets.xcassets; sourceTree = "<group>"; };
		0EB330A31F03CE0B00863C22 /* Base */ = {isa = PBXFileReference; lastKnownFileType = file.storyboard; name = Base; path = Base.lproj/LaunchScreen.storyboard; sourceTree = "<group>"; };
		0EB330A51F03CE0B00863C22 /* Info.plist */ = {isa = PBXFileReference; lastKnownFileType = text.plist.xml; path = Info.plist; sourceTree = "<group>"; };
		0EB330AA1F03CE0B00863C22 /* ImageRecognizerSample01Tests.xctest */ = {isa = PBXFileReference; explicitFileType = wrapper.cfbundle; includeInIndex = 0; path = ImageRecognizerSample01Tests.xctest; sourceTree = BUILT_PRODUCTS_DIR; };
		0EB330AE1F03CE0B00863C22 /* ImageRecognizerSample01Tests.swift */ = {isa = PBXFileReference; lastKnownFileType = sourcecode.swift; path = ImageRecognizerSample01Tests.swift; sourceTree = "<group>"; };
		0EB330B01F03CE0B00863C22 /* Info.plist */ = {isa = PBXFileReference; lastKnownFileType = text.plist.xml; path = Info.plist; sourceTree = "<group>"; };
		0EB330C01F03D1B100863C22 /* Constants.swift */ = {isa = PBXFileReference; fileEncoding = 4; lastKnownFileType = sourcecode.swift; path = Constants.swift; sourceTree = "<group>"; };
		0EB330C61F03D5B400863C22 /* Alamofire.framework */ = {isa = PBXFileReference; lastKnownFileType = wrapper.framework; name = Alamofire.framework; path = Carthage/Build/iOS/Alamofire.framework; sourceTree = "<group>"; };
/* End PBXFileReference section */

/* Begin PBXFrameworksBuildPhase section */
		0EB330931F03CE0A00863C22 /* Frameworks */ = {
			isa = PBXFrameworksBuildPhase;
			buildActionMask = 2147483647;
			files = (
				0E34DFF41F11C98D007A0120 /* SwiftyJSON.framework in Frameworks */,
				0EB330C71F03D5B400863C22 /* Alamofire.framework in Frameworks */,
			);
			runOnlyForDeploymentPostprocessing = 0;
		};
		0EB330A71F03CE0B00863C22 /* Frameworks */ = {
			isa = PBXFrameworksBuildPhase;
			buildActionMask = 2147483647;
			files = (
			);
			runOnlyForDeploymentPostprocessing = 0;
		};
/* End PBXFrameworksBuildPhase section */

/* Begin PBXGroup section */
		0E34DFEB1F11C62B007A0120 /* Utils */ = {
			isa = PBXGroup;
			children = (
				0E34DFEE1F11C898007A0120 /* Connections */,
			);
			name = Utils;
			sourceTree = "<group>";
		};
		0E34DFEE1F11C898007A0120 /* Connections */ = {
			isa = PBXGroup;
			children = (
				0E34DFEC1F11C651007A0120 /* HttpClient.swift */,
				0E34DFEF1F11C8B3007A0120 /* DataRequest+Callback.swift.swift */,
				0E34DFF61F11C9E5007A0120 /* HttpTypeAliases.swift.swift */,
				0E34DFF11F11C954007A0120 /* HttpClientProtocol.swift.swift */,
			);
			name = Connections;
			sourceTree = "<group>";
		};
		0EB3308D1F03CE0A00863C22 = {
			isa = PBXGroup;
			children = (
				0E34DFF31F11C98D007A0120 /* SwiftyJSON.framework */,
				0EB330C61F03D5B400863C22 /* Alamofire.framework */,
				0EB330981F03CE0A00863C22 /* ImageRecognizerSample01 */,
				0EB330AD1F03CE0B00863C22 /* ImageRecognizerSample01Tests */,
				0EB330971F03CE0A00863C22 /* Products */,
			);
			sourceTree = "<group>";
		};
		0EB330971F03CE0A00863C22 /* Products */ = {
			isa = PBXGroup;
			children = (
				0EB330961F03CE0A00863C22 /* ImageRecognizerSample01.app */,
				0EB330AA1F03CE0B00863C22 /* ImageRecognizerSample01Tests.xctest */,
			);
			name = Products;
			sourceTree = "<group>";
		};
		0EB330981F03CE0A00863C22 /* ImageRecognizerSample01 */ = {
			isa = PBXGroup;
			children = (
				0EB330991F03CE0B00863C22 /* AppDelegate.swift */,
				0EB3309B1F03CE0B00863C22 /* ViewController.swift */,
				0E34DFEB1F11C62B007A0120 /* Utils */,
				0EB330C01F03D1B100863C22 /* Constants.swift */,
				0EB3309D1F03CE0B00863C22 /* Main.storyboard */,
				0EB330A01F03CE0B00863C22 /* Assets.xcassets */,
				0EB330A21F03CE0B00863C22 /* LaunchScreen.storyboard */,
				0EB330A51F03CE0B00863C22 /* Info.plist */,
			);
			path = ImageRecognizerSample01;
			sourceTree = "<group>";
		};
		0EB330AD1F03CE0B00863C22 /* ImageRecognizerSample01Tests */ = {
			isa = PBXGroup;
			children = (
				0EB330AE1F03CE0B00863C22 /* ImageRecognizerSample01Tests.swift */,
				0EB330B01F03CE0B00863C22 /* Info.plist */,
			);
			path = ImageRecognizerSample01Tests;
			sourceTree = "<group>";
		};
/* End PBXGroup section */

/* Begin PBXNativeTarget section */
		0EB330951F03CE0A00863C22 /* ImageRecognizerSample01 */ = {
			isa = PBXNativeTarget;
			buildConfigurationList = 0EB330B31F03CE0B00863C22 /* Build configuration list for PBXNativeTarget "ImageRecognizerSample01" */;
			buildPhases = (
				0EB330921F03CE0A00863C22 /* Sources */,
				0EB330931F03CE0A00863C22 /* Frameworks */,
				0EB330941F03CE0A00863C22 /* Resources */,
				0EB330C51F03D32100863C22 /* Embed Frameworks */,
				0EB330B91F03CF7000863C22 /* [CP] Carthage */,
			);
			buildRules = (
			);
			dependencies = (
			);
			name = ImageRecognizerSample01;
			productName = ImageRecognizerSample01;
			productReference = 0EB330961F03CE0A00863C22 /* ImageRecognizerSample01.app */;
			productType = "com.apple.product-type.application";
		};
		0EB330A91F03CE0B00863C22 /* ImageRecognizerSample01Tests */ = {
			isa = PBXNativeTarget;
			buildConfigurationList = 0EB330B61F03CE0B00863C22 /* Build configuration list for PBXNativeTarget "ImageRecognizerSample01Tests" */;
			buildPhases = (
				0EB330A61F03CE0B00863C22 /* Sources */,
				0EB330A71F03CE0B00863C22 /* Frameworks */,
				0EB330A81F03CE0B00863C22 /* Resources */,
			);
			buildRules = (
			);
			dependencies = (
				0EB330AC1F03CE0B00863C22 /* PBXTargetDependency */,
			);
			name = ImageRecognizerSample01Tests;
			productName = ImageRecognizerSample01Tests;
			productReference = 0EB330AA1F03CE0B00863C22 /* ImageRecognizerSample01Tests.xctest */;
			productType = "com.apple.product-type.bundle.unit-test";
		};
/* End PBXNativeTarget section */

/* Begin PBXProject section */
		0EB3308E1F03CE0A00863C22 /* Project object */ = {
			isa = PBXProject;
			attributes = {
				LastSwiftUpdateCheck = 0830;
				LastUpgradeCheck = 0830;
				ORGANIZATIONNAME = "Yutaka Tajika";
				TargetAttributes = {
					0EB330951F03CE0A00863C22 = {
						CreatedOnToolsVersion = 8.3.2;
						DevelopmentTeam = R5U4C8KFRC;
						ProvisioningStyle = Automatic;
					};
					0EB330A91F03CE0B00863C22 = {
						CreatedOnToolsVersion = 8.3.2;
						DevelopmentTeam = R5U4C8KFRC;
						ProvisioningStyle = Automatic;
						TestTargetID = 0EB330951F03CE0A00863C22;
					};
				};
			};
			buildConfigurationList = 0EB330911F03CE0A00863C22 /* Build configuration list for PBXProject "ImageRecognizerSample01" */;
			compatibilityVersion = "Xcode 3.2";
			developmentRegion = English;
			hasScannedForEncodings = 0;
			knownRegions = (
				en,
				Base,
			);
			mainGroup = 0EB3308D1F03CE0A00863C22;
			productRefGroup = 0EB330971F03CE0A00863C22 /* Products */;
			projectDirPath = "";
			projectRoot = "";
			targets = (
				0EB330951F03CE0A00863C22 /* ImageRecognizerSample01 */,
				0EB330A91F03CE0B00863C22 /* ImageRecognizerSample01Tests */,
			);
		};
/* End PBXProject section */

/* Begin PBXResourcesBuildPhase section */
		0EB330941F03CE0A00863C22 /* Resources */ = {
			isa = PBXResourcesBuildPhase;
			buildActionMask = 2147483647;
			files = (
				0EB330A41F03CE0B00863C22 /* LaunchScreen.storyboard in Resources */,
				0EB330A11F03CE0B00863C22 /* Assets.xcassets in Resources */,
				0EB3309F1F03CE0B00863C22 /* Main.storyboard in Resources */,
			);
			runOnlyForDeploymentPostprocessing = 0;
		};
		0EB330A81F03CE0B00863C22 /* Resources */ = {
			isa = PBXResourcesBuildPhase;
			buildActionMask = 2147483647;
			files = (
			);
			runOnlyForDeploymentPostprocessing = 0;
		};
/* End PBXResourcesBuildPhase section */

/* Begin PBXShellScriptBuildPhase section */
		0EB330B91F03CF7000863C22 /* [CP] Carthage */ = {
			isa = PBXShellScriptBuildPhase;
			buildActionMask = 2147483647;
			files = (
			);
			inputPaths = (
				"$(SRCROOT)/Carthage/Build/iOS/Alamofire.framework",
				"$(SRCROOT)/Carthage/Build/iOS/SwiftyJSON.framework",
			);
			name = "[CP] Carthage";
			outputPaths = (
			);
			runOnlyForDeploymentPostprocessing = 0;
			shellPath = /bin/sh;
			shellScript = "/usr/local/bin/carthage copy-frameworks";
		};
/* End PBXShellScriptBuildPhase section */

/* Begin PBXSourcesBuildPhase section */
		0EB330921F03CE0A00863C22 /* Sources */ = {
			isa = PBXSourcesBuildPhase;
			buildActionMask = 2147483647;
			files = (
				0EB3309C1F03CE0B00863C22 /* ViewController.swift in Sources */,
				0EB3309A1F03CE0B00863C22 /* AppDelegate.swift in Sources */,
				0E34DFF01F11C8B3007A0120 /* DataRequest+Callback.swift.swift in Sources */,
				0E34DFF21F11C954007A0120 /* HttpClientProtocol.swift.swift in Sources */,
				0E34DFED1F11C651007A0120 /* HttpClient.swift in Sources */,
				0EB330C11F03D1B100863C22 /* Constants.swift in Sources */,
				0E34DFF71F11C9E5007A0120 /* HttpTypeAliases.swift.swift in Sources */,
			);
			runOnlyForDeploymentPostprocessing = 0;
		};
		0EB330A61F03CE0B00863C22 /* Sources */ = {
			isa = PBXSourcesBuildPhase;
			buildActionMask = 2147483647;
			files = (
				0EB330AF1F03CE0B00863C22 /* ImageRecognizerSample01Tests.swift in Sources */,
			);
			runOnlyForDeploymentPostprocessing = 0;
		};
/* End PBXSourcesBuildPhase section */

/* Begin PBXTargetDependency section */
		0EB330AC1F03CE0B00863C22 /* PBXTargetDependency */ = {
			isa = PBXTargetDependency;
			target = 0EB330951F03CE0A00863C22 /* ImageRecognizerSample01 */;
			targetProxy = 0EB330AB1F03CE0B00863C22 /* PBXContainerItemProxy */;
		};
/* End PBXTargetDependency section */

/* Begin PBXVariantGroup section */
		0EB3309D1F03CE0B00863C22 /* Main.storyboard */ = {
			isa = PBXVariantGroup;
			children = (
				0EB3309E1F03CE0B00863C22 /* Base */,
			);
			name = Main.storyboard;
			sourceTree = "<group>";
		};
		0EB330A21F03CE0B00863C22 /* LaunchScreen.storyboard */ = {
			isa = PBXVariantGroup;
			children = (
				0EB330A31F03CE0B00863C22 /* Base */,
			);
			name = LaunchScreen.storyboard;
			sourceTree = "<group>";
		};
/* End PBXVariantGroup section */

/* Begin XCBuildConfiguration section */
		0EB330B11F03CE0B00863C22 /* Debug */ = {
			isa = XCBuildConfiguration;
			buildSettings = {
				ALWAYS_SEARCH_USER_PATHS = NO;
				CLANG_ANALYZER_NONNULL = YES;
				CLANG_ANALYZER_NUMBER_OBJECT_CONVERSION = YES_AGGRESSIVE;
				CLANG_CXX_LANGUAGE_STANDARD = "gnu++0x";
				CLANG_CXX_LIBRARY = "libc++";
				CLANG_ENABLE_MODULES = YES;
				CLANG_ENABLE_OBJC_ARC = YES;
				CLANG_WARN_BOOL_CONVERSION = YES;
				CLANG_WARN_CONSTANT_CONVERSION = YES;
				CLANG_WARN_DIRECT_OBJC_ISA_USAGE = YES_ERROR;
				CLANG_WARN_DOCUMENTATION_COMMENTS = YES;
				CLANG_WARN_EMPTY_BODY = YES;
				CLANG_WARN_ENUM_CONVERSION = YES;
				CLANG_WARN_INFINITE_RECURSION = YES;
				CLANG_WARN_INT_CONVERSION = YES;
				CLANG_WARN_OBJC_ROOT_CLASS = YES_ERROR;
				CLANG_WARN_SUSPICIOUS_MOVE = YES;
				CLANG_WARN_UNREACHABLE_CODE = YES;
				CLANG_WARN__DUPLICATE_METHOD_MATCH = YES;
				"CODE_SIGN_IDENTITY[sdk=iphoneos*]" = "iPhone Developer";
				COPY_PHASE_STRIP = NO;
				DEBUG_INFORMATION_FORMAT = dwarf;
				ENABLE_STRICT_OBJC_MSGSEND = YES;
				ENABLE_TESTABILITY = YES;
				GCC_C_LANGUAGE_STANDARD = gnu99;
				GCC_DYNAMIC_NO_PIC = NO;
				GCC_NO_COMMON_BLOCKS = YES;
				GCC_OPTIMIZATION_LEVEL = 0;
				GCC_PREPROCESSOR_DEFINITIONS = (
					"DEBUG=1",
					"$(inherited)",
				);
				GCC_WARN_64_TO_32_BIT_CONVERSION = YES;
				GCC_WARN_ABOUT_RETURN_TYPE = YES_ERROR;
				GCC_WARN_UNDECLARED_SELECTOR = YES;
				GCC_WARN_UNINITIALIZED_AUTOS = YES_AGGRESSIVE;
				GCC_WARN_UNUSED_FUNCTION = YES;
				GCC_WARN_UNUSED_VARIABLE = YES;
				IPHONEOS_DEPLOYMENT_TARGET = 10.3;
				MTL_ENABLE_DEBUG_INFO = YES;
				ONLY_ACTIVE_ARCH = YES;
				SDKROOT = iphoneos;
				SWIFT_ACTIVE_COMPILATION_CONDITIONS = DEBUG;
				SWIFT_OPTIMIZATION_LEVEL = "-Onone";
				TARGETED_DEVICE_FAMILY = "1,2";
			};
			name = Debug;
		};
		0EB330B21F03CE0B00863C22 /* Release */ = {
			isa = XCBuildConfiguration;
			buildSettings = {
				ALWAYS_SEARCH_USER_PATHS = NO;
				CLANG_ANALYZER_NONNULL = YES;
				CLANG_ANALYZER_NUMBER_OBJECT_CONVERSION = YES_AGGRESSIVE;
				CLANG_CXX_LANGUAGE_STANDARD = "gnu++0x";
				CLANG_CXX_LIBRARY = "libc++";
				CLANG_ENABLE_MODULES = YES;
				CLANG_ENABLE_OBJC_ARC = YES;
				CLANG_WARN_BOOL_CONVERSION = YES;
				CLANG_WARN_CONSTANT_CONVERSION = YES;
				CLANG_WARN_DIRECT_OBJC_ISA_USAGE = YES_ERROR;
				CLANG_WARN_DOCUMENTATION_COMMENTS = YES;
				CLANG_WARN_EMPTY_BODY = YES;
				CLANG_WARN_ENUM_CONVERSION = YES;
				CLANG_WARN_INFINITE_RECURSION = YES;
				CLANG_WARN_INT_CONVERSION = YES;
				CLANG_WARN_OBJC_ROOT_CLASS = YES_ERROR;
				CLANG_WARN_SUSPICIOUS_MOVE = YES;
				CLANG_WARN_UNREACHABLE_CODE = YES;
				CLANG_WARN__DUPLICATE_METHOD_MATCH = YES;
				"CODE_SIGN_IDENTITY[sdk=iphoneos*]" = "iPhone Developer";
				COPY_PHASE_STRIP = NO;
				DEBUG_INFORMATION_FORMAT = "dwarf-with-dsym";
				ENABLE_NS_ASSERTIONS = NO;
				ENABLE_STRICT_OBJC_MSGSEND = YES;
				GCC_C_LANGUAGE_STANDARD = gnu99;
				GCC_NO_COMMON_BLOCKS = YES;
				GCC_WARN_64_TO_32_BIT_CONVERSION = YES;
				GCC_WARN_ABOUT_RETURN_TYPE = YES_ERROR;
				GCC_WARN_UNDECLARED_SELECTOR = YES;
				GCC_WARN_UNINITIALIZED_AUTOS = YES_AGGRESSIVE;
				GCC_WARN_UNUSED_FUNCTION = YES;
				GCC_WARN_UNUSED_VARIABLE = YES;
				IPHONEOS_DEPLOYMENT_TARGET = 10.3;
				MTL_ENABLE_DEBUG_INFO = NO;
				SDKROOT = iphoneos;
				SWIFT_OPTIMIZATION_LEVEL = "-Owholemodule";
				TARGETED_DEVICE_FAMILY = "1,2";
				VALIDATE_PRODUCT = YES;
			};
			name = Release;
		};
		0EB330B41F03CE0B00863C22 /* Debug */ = {
			isa = XCBuildConfiguration;
			buildSettings = {
				ASSETCATALOG_COMPILER_APPICON_NAME = AppIcon;
				DEVELOPMENT_TEAM = R5U4C8KFRC;
				ENDPOINT_BASE_URL = "http://127.0.0.1:5000";
				FRAMEWORK_SEARCH_PATHS = (
					"$(inherited)",
					"$(PROJECT_DIR)",
					"$(PROJECT_DIR)/Carthage/Build/iOS",
				);
				INFOPLIST_FILE = ImageRecognizerSample01/Info.plist;
				LD_RUNPATH_SEARCH_PATHS = "$(inherited) @executable_path/Frameworks";
				PRODUCT_BUNDLE_IDENTIFIER = com.engideer.ImageRecognizerSample01;
				PRODUCT_NAME = "$(TARGET_NAME)";
				SWIFT_VERSION = 3.0;
			};
			name = Debug;
		};
		0EB330B51F03CE0B00863C22 /* Release */ = {
			isa = XCBuildConfiguration;
			buildSettings = {
				ASSETCATALOG_COMPILER_APPICON_NAME = AppIcon;
				DEVELOPMENT_TEAM = R5U4C8KFRC;
				ENDPOINT_BASE_URL = "http://127.0.0.1:5000";
				FRAMEWORK_SEARCH_PATHS = (
					"$(inherited)",
					"$(PROJECT_DIR)",
					"$(PROJECT_DIR)/Carthage/Build/iOS",
				);
				INFOPLIST_FILE = ImageRecognizerSample01/Info.plist;
				LD_RUNPATH_SEARCH_PATHS = "$(inherited) @executable_path/Frameworks";
				PRODUCT_BUNDLE_IDENTIFIER = com.engideer.ImageRecognizerSample01;
				PRODUCT_NAME = "$(TARGET_NAME)";
				SWIFT_VERSION = 3.0;
			};
			name = Release;
		};
		0EB330B71F03CE0B00863C22 /* Debug */ = {
			isa = XCBuildConfiguration;
			buildSettings = {
				ALWAYS_EMBED_SWIFT_STANDARD_LIBRARIES = YES;
				BUNDLE_LOADER = "$(TEST_HOST)";
				DEVELOPMENT_TEAM = R5U4C8KFRC;
				INFOPLIST_FILE = ImageRecognizerSample01Tests/Info.plist;
				LD_RUNPATH_SEARCH_PATHS = "$(inherited) @executable_path/Frameworks @loader_path/Frameworks";
				PRODUCT_BUNDLE_IDENTIFIER = com.engideer.ImageRecognizerSample01Tests;
				PRODUCT_NAME = "$(TARGET_NAME)";
				SWIFT_VERSION = 3.0;
				TEST_HOST = "$(BUILT_PRODUCTS_DIR)/ImageRecognizerSample01.app/ImageRecognizerSample01";
			};
			name = Debug;
		};
		0EB330B81F03CE0B00863C22 /* Release */ = {
			isa = XCBuildConfiguration;
			buildSettings = {
				ALWAYS_EMBED_SWIFT_STANDARD_LIBRARIES = YES;
				BUNDLE_LOADER = "$(TEST_HOST)";
				DEVELOPMENT_TEAM = R5U4C8KFRC;
				INFOPLIST_FILE = ImageRecognizerSample01Tests/Info.plist;
				LD_RUNPATH_SEARCH_PATHS = "$(inherited) @executable_path/Frameworks @loader_path/Frameworks";
				PRODUCT_BUNDLE_IDENTIFIER = com.engideer.ImageRecognizerSample01Tests;
				PRODUCT_NAME = "$(TARGET_NAME)";
				SWIFT_VERSION = 3.0;
				TEST_HOST = "$(BUILT_PRODUCTS_DIR)/ImageRecognizerSample01.app/ImageRecognizerSample01";
			};
			name = Release;
		};
/* End XCBuildConfiguration section */

/* Begin XCConfigurationList section */
		0EB330911F03CE0A00863C22 /* Build configuration list for PBXProject "ImageRecognizerSample01" */ = {
			isa = XCConfigurationList;
			buildConfigurations = (
				0EB330B11F03CE0B00863C22 /* Debug */,
				0EB330B21F03CE0B00863C22 /* Release */,
			);
			defaultConfigurationIsVisible = 0;
			defaultConfigurationName = Release;
		};
		0EB330B31F03CE0B00863C22 /* Build configuration list for PBXNativeTarget "ImageRecognizerSample01" */ = {
			isa = XCConfigurationList;
			buildConfigurations = (
				0EB330B41F03CE0B00863C22 /* Debug */,
				0EB330B51F03CE0B00863C22 /* Release */,
			);
			defaultConfigurationIsVisible = 0;
			defaultConfigurationName = Release;
		};
		0EB330B61F03CE0B00863C22 /* Build configuration list for PBXNativeTarget "ImageRecognizerSample01Tests" */ = {
			isa = XCConfigurationList;
			buildConfigurations = (
				0EB330B71F03CE0B00863C22 /* Debug */,
				0EB330B81F03CE0B00863C22 /* Release */,
			);
			defaultConfigurationIsVisible = 0;
			defaultConfigurationName = Release;
		};
/* End XCConfigurationList section */
	};
	rootObject = 0EB3308E1F03CE0A00863C22 /* Project object */;
}
